
Microsoft Visual Studio Solution File, Format Version 12.00
# Visual Studio Version 17
VisualStudioVersion = 17.0.31903.59
MinimumVisualStudioVersion = 10.0.40219.1
Project("{FAE04EC0-301F-11D3-BF4B-00C04F79EFBC}") = "TempGaugeMyICS", "TempGaugeMyICSv1\TempGaugeMyICS.csproj", "{F22B9484-209A-9F09-4182-8ED50B7FC1F4}"
EndProject
Global
	GlobalSection(SolutionConfigurationPlatforms) = preSolution
		Debug|Any CPU = Debug|Any CPU
		Release|Any CPU = Release|Any CPU
	EndGlobalSection
	GlobalSection(ProjectConfigurationPlatforms) = postSolution
		{F22B9484-209A-9F09-4182-8ED50B7FC1F4}.Debug|Any CPU.ActiveCfg = Debug|Any CPU
		{F22B9484-209A-9F09-4182-8ED50B7FC1F4}.Debug|Any CPU.Build.0 = Debug|Any CPU
		{F22B9484-209A-9F09-4182-8ED50B7FC1F4}.Release|Any CPU.ActiveCfg = Release|Any CPU
		{F22B9484-209A-9F09-4182-8ED50B7FC1F4}.Release|Any CPU.Build.0 = Release|Any CPU
	EndGlobalSection
	GlobalSection(SolutionProperties) = preSolution
		HideSolutionNode = FALSE
	EndGlobalSection
	GlobalSection(ExtensibilityGlobals) = postSolution
		SolutionGuid = {F9681BE2-6625-4A20-8678-8A7928B558CA}
	EndGlobalSection
EndGlobal
